
Microsoft Visual Studio Solution File, Format Version 12.00
# Visual Studio Version 17
VisualStudioVersion = 17.3.32929.385
MinimumVisualStudioVersion = 10.0.40219.1
Project("{FAE04EC0-301F-11D3-BF4B-00C04F79EFBC}") = "zapas", "zapas\zapas.csproj", "{CF8429D6-45CD-444F-A0E6-D5FD9D35FBC4}"
EndProject
Global
	GlobalSection(SolutionConfigurationPlatforms) = preSolution
		Debug|Any CPU = Debug|Any CPU
		Release|Any CPU = Release|Any CPU
	EndGlobalSection
	GlobalSection(ProjectConfigurationPlatforms) = postSolution
		{CF8429D6-45CD-444F-A0E6-D5FD9D35FBC4}.Debug|Any CPU.ActiveCfg = Debug|Any CPU
		{CF8429D6-45CD-444F-A0E6-D5FD9D35FBC4}.Debug|Any CPU.Build.0 = Debug|Any CPU
		{CF8429D6-45CD-444F-A0E6-D5FD9D35FBC4}.Release|Any CPU.ActiveCfg = Release|Any CPU
		{CF8429D6-45CD-444F-A0E6-D5FD9D35FBC4}.Release|Any CPU.Build.0 = Release|Any CPU
	EndGlobalSection
	GlobalSection(SolutionProperties) = preSolution
		HideSolutionNode = FALSE
	EndGlobalSection
	GlobalSection(ExtensibilityGlobals) = postSolution
		SolutionGuid = {D36E476A-4ACF-479C-AFD1-B93B84379136}
	EndGlobalSection
EndGlobal
